
Microsoft Visual Studio Solution File, Format Version 12.00
# Visual Studio 14
VisualStudioVersion = 14.0.25420.1
MinimumVisualStudioVersion = 10.0.40219.1
Project("{FAE04EC0-301F-11D3-BF4B-00C04F79EFBC}") = "UrduProofReader", "UrduProofReader\UrduProofReader.csproj", "{5871461D-9457-402F-8F59-155A0A043C19}"
EndProject
Project("{FAE04EC0-301F-11D3-BF4B-00C04F79EFBC}") = "UrduLibs", "UrduLibs\UrduLibs.csproj", "{21157001-EA51-4AEE-B82E-41E795E7CEE9}"
EndProject
Project("{FAE04EC0-301F-11D3-BF4B-00C04F79EFBC}") = "UrduProofReaderWE", "UrduProofReaderWE\UrduProofReaderWE.csproj", "{26C64392-F7AC-46A7-B1B1-7338EBE878A8}"
EndProject
Project("{6141683F-8A12-4E36-9623-2EB02B2C2303}") = "ProofReaderWordInstaller", "ProofReaderWordInstaller\ProofReaderWordInstaller.isproj", "{2B542380-96C1-4D4D-95A4-E4C071AFBB0A}"
EndProject
Global
	GlobalSection(SolutionConfigurationPlatforms) = preSolution
		CD_ROM|Any CPU = CD_ROM|Any CPU
		CD_ROM|x64 = CD_ROM|x64
		CD_ROM|x86 = CD_ROM|x86
		Debug|Any CPU = Debug|Any CPU
		Debug|x64 = Debug|x64
		Debug|x86 = Debug|x86
		DVD-5|Any CPU = DVD-5|Any CPU
		DVD-5|x64 = DVD-5|x64
		DVD-5|x86 = DVD-5|x86
		Release|Any CPU = Release|Any CPU
		Release|x64 = Release|x64
		Release|x86 = Release|x86
		SingleImage|Any CPU = SingleImage|Any CPU
		SingleImage|x64 = SingleImage|x64
		SingleImage|x86 = SingleImage|x86
	EndGlobalSection
	GlobalSection(ProjectConfigurationPlatforms) = postSolution
		{5871461D-9457-402F-8F59-155A0A043C19}.CD_ROM|Any CPU.ActiveCfg = Release|Any CPU
		{5871461D-9457-402F-8F59-155A0A043C19}.CD_ROM|Any CPU.Build.0 = Release|Any CPU
		{5871461D-9457-402F-8F59-155A0A043C19}.CD_ROM|x64.ActiveCfg = Release|x64
		{5871461D-9457-402F-8F59-155A0A043C19}.CD_ROM|x64.Build.0 = Release|x64
		{5871461D-9457-402F-8F59-155A0A043C19}.CD_ROM|x86.ActiveCfg = Release|x86
		{5871461D-9457-402F-8F59-155A0A043C19}.CD_ROM|x86.Build.0 = Release|x86
		{5871461D-9457-402F-8F59-155A0A043C19}.Debug|Any CPU.ActiveCfg = Debug|Any CPU
		{5871461D-9457-402F-8F59-155A0A043C19}.Debug|Any CPU.Build.0 = Debug|Any CPU
		{5871461D-9457-402F-8F59-155A0A043C19}.Debug|x64.ActiveCfg = Debug|x64
		{5871461D-9457-402F-8F59-155A0A043C19}.Debug|x64.Build.0 = Debug|x64
		{5871461D-9457-402F-8F59-155A0A043C19}.Debug|x86.ActiveCfg = Debug|x86
		{5871461D-9457-402F-8F59-155A0A043C19}.Debug|x86.Build.0 = Debug|x86
		{5871461D-9457-402F-8F59-155A0A043C19}.DVD-5|Any CPU.ActiveCfg = Debug|Any CPU
		{5871461D-9457-402F-8F59-155A0A043C19}.DVD-5|Any CPU.Build.0 = Debug|Any CPU
		{5871461D-9457-402F-8F59-155A0A043C19}.DVD-5|x64.ActiveCfg = Debug|x64
		{5871461D-9457-402F-8F59-155A0A043C19}.DVD-5|x64.Build.0 = Debug|x64
		{5871461D-9457-402F-8F59-155A0A043C19}.DVD-5|x86.ActiveCfg = Debug|x86
		{5871461D-9457-402F-8F59-155A0A043C19}.DVD-5|x86.Build.0 = Debug|x86
		{5871461D-9457-402F-8F59-155A0A043C19}.Release|Any CPU.ActiveCfg = Release|Any CPU
		{5871461D-9457-402F-8F59-155A0A043C19}.Release|Any CPU.Build.0 = Release|Any CPU
		{5871461D-9457-402F-8F59-155A0A043C19}.Release|x64.ActiveCfg = Release|x64
		{5871461D-9457-402F-8F59-155A0A043C19}.Release|x64.Build.0 = Release|x64
		{5871461D-9457-402F-8F59-155A0A043C19}.Release|x86.ActiveCfg = Release|x86
		{5871461D-9457-402F-8F59-155A0A043C19}.Release|x86.Build.0 = Release|x86
		{5871461D-9457-402F-8F59-155A0A043C19}.SingleImage|Any CPU.ActiveCfg = Release|Any CPU
		{5871461D-9457-402F-8F59-155A0A043C19}.SingleImage|Any CPU.Build.0 = Release|Any CPU
		{5871461D-9457-402F-8F59-155A0A043C19}.SingleImage|x64.ActiveCfg = Release|x64
		{5871461D-9457-402F-8F59-155A0A043C19}.SingleImage|x64.Build.0 = Release|x64
		{5871461D-9457-402F-8F59-155A0A043C19}.SingleImage|x86.ActiveCfg = Release|x86
		{5871461D-9457-402F-8F59-155A0A043C19}.SingleImage|x86.Build.0 = Release|x86
		{21157001-EA51-4AEE-B82E-41E795E7CEE9}.CD_ROM|Any CPU.ActiveCfg = Release|Any CPU
		{21157001-EA51-4AEE-B82E-41E795E7CEE9}.CD_ROM|Any CPU.Build.0 = Release|Any CPU
		{21157001-EA51-4AEE-B82E-41E795E7CEE9}.CD_ROM|x64.ActiveCfg = Release|x64
		{21157001-EA51-4AEE-B82E-41E795E7CEE9}.CD_ROM|x64.Build.0 = Release|x64
		{21157001-EA51-4AEE-B82E-41E795E7CEE9}.CD_ROM|x86.ActiveCfg = Release|x86
		{21157001-EA51-4AEE-B82E-41E795E7CEE9}.CD_ROM|x86.Build.0 = Release|x86
		{21157001-EA51-4AEE-B82E-41E795E7CEE9}.Debug|Any CPU.ActiveCfg = Debug|Any CPU
		{21157001-EA51-4AEE-B82E-41E795E7CEE9}.Debug|Any CPU.Build.0 = Debug|Any CPU
		{21157001-EA51-4AEE-B82E-41E795E7CEE9}.Debug|x64.ActiveCfg = Debug|x64
		{21157001-EA51-4AEE-B82E-41E795E7CEE9}.Debug|x64.Build.0 = Debug|x64
		{21157001-EA51-4AEE-B82E-41E795E7CEE9}.Debug|x86.ActiveCfg = Debug|x86
		{21157001-EA51-4AEE-B82E-41E795E7CEE9}.Debug|x86.Build.0 = Debug|x86
		{21157001-EA51-4AEE-B82E-41E795E7CEE9}.DVD-5|Any CPU.ActiveCfg = Debug|Any CPU
		{21157001-EA51-4AEE-B82E-41E795E7CEE9}.DVD-5|Any CPU.Build.0 = Debug|Any CPU
		{21157001-EA51-4AEE-B82E-41E795E7CEE9}.DVD-5|x64.ActiveCfg = Debug|x64
		{21157001-EA51-4AEE-B82E-41E795E7CEE9}.DVD-5|x64.Build.0 = Debug|x64
		{21157001-EA51-4AEE-B82E-41E795E7CEE9}.DVD-5|x86.ActiveCfg = Debug|x86
		{21157001-EA51-4AEE-B82E-41E795E7CEE9}.DVD-5|x86.Build.0 = Debug|x86
		{21157001-EA51-4AEE-B82E-41E795E7CEE9}.Release|Any CPU.ActiveCfg = Release|Any CPU
		{21157001-EA51-4AEE-B82E-41E795E7CEE9}.Release|Any CPU.Build.0 = Release|Any CPU
		{21157001-EA51-4AEE-B82E-41E795E7CEE9}.Release|x64.ActiveCfg = Release|x64
		{21157001-EA51-4AEE-B82E-41E795E7CEE9}.Release|x64.Build.0 = Release|x64
		{21157001-EA51-4AEE-B82E-41E795E7CEE9}.Release|x86.ActiveCfg = Release|x86
		{21157001-EA51-4AEE-B82E-41E795E7CEE9}.Release|x86.Build.0 = Release|x86
		{21157001-EA51-4AEE-B82E-41E795E7CEE9}.SingleImage|Any CPU.ActiveCfg = Release|Any CPU
		{21157001-EA51-4AEE-B82E-41E795E7CEE9}.SingleImage|Any CPU.Build.0 = Release|Any CPU
		{21157001-EA51-4AEE-B82E-41E795E7CEE9}.SingleImage|x64.ActiveCfg = Release|x64
		{21157001-EA51-4AEE-B82E-41E795E7CEE9}.SingleImage|x64.Build.0 = Release|x64
		{21157001-EA51-4AEE-B82E-41E795E7CEE9}.SingleImage|x86.ActiveCfg = Release|x86
		{21157001-EA51-4AEE-B82E-41E795E7CEE9}.SingleImage|x86.Build.0 = Release|x86
		{26C64392-F7AC-46A7-B1B1-7338EBE878A8}.CD_ROM|Any CPU.ActiveCfg = Release|Any CPU
		{26C64392-F7AC-46A7-B1B1-7338EBE878A8}.CD_ROM|Any CPU.Build.0 = Release|Any CPU
		{26C64392-F7AC-46A7-B1B1-7338EBE878A8}.CD_ROM|x64.ActiveCfg = Release|x64
		{26C64392-F7AC-46A7-B1B1-7338EBE878A8}.CD_ROM|x64.Build.0 = Release|x64
		{26C64392-F7AC-46A7-B1B1-7338EBE878A8}.CD_ROM|x86.ActiveCfg = Release|x86
		{26C64392-F7AC-46A7-B1B1-7338EBE878A8}.CD_ROM|x86.Build.0 = Release|x86
		{26C64392-F7AC-46A7-B1B1-7338EBE878A8}.Debug|Any CPU.ActiveCfg = Debug|Any CPU
		{26C64392-F7AC-46A7-B1B1-7338EBE878A8}.Debug|Any CPU.Build.0 = Debug|Any CPU
		{26C64392-F7AC-46A7-B1B1-7338EBE878A8}.Debug|x64.ActiveCfg = Debug|x64
		{26C64392-F7AC-46A7-B1B1-7338EBE878A8}.Debug|x64.Build.0 = Debug|x64
		{26C64392-F7AC-46A7-B1B1-7338EBE878A8}.Debug|x86.ActiveCfg = Debug|x86
		{26C64392-F7AC-46A7-B1B1-7338EBE878A8}.Debug|x86.Build.0 = Debug|x86
		{26C64392-F7AC-46A7-B1B1-7338EBE878A8}.DVD-5|Any CPU.ActiveCfg = Debug|Any CPU
		{26C64392-F7AC-46A7-B1B1-7338EBE878A8}.DVD-5|Any CPU.Build.0 = Debug|Any CPU
		{26C64392-F7AC-46A7-B1B1-7338EBE878A8}.DVD-5|x64.ActiveCfg = Debug|x64
		{26C64392-F7AC-46A7-B1B1-7338EBE878A8}.DVD-5|x64.Build.0 = Debug|x64
		{26C64392-F7AC-46A7-B1B1-7338EBE878A8}.DVD-5|x86.ActiveCfg = Debug|x86
		{26C64392-F7AC-46A7-B1B1-7338EBE878A8}.DVD-5|x86.Build.0 = Debug|x86
		{26C64392-F7AC-46A7-B1B1-7338EBE878A8}.Release|Any CPU.ActiveCfg = Release|Any CPU
		{26C64392-F7AC-46A7-B1B1-7338EBE878A8}.Release|Any CPU.Build.0 = Release|Any CPU
		{26C64392-F7AC-46A7-B1B1-7338EBE878A8}.Release|x64.ActiveCfg = Release|x64
		{26C64392-F7AC-46A7-B1B1-7338EBE878A8}.Release|x64.Build.0 = Release|x64
		{26C64392-F7AC-46A7-B1B1-7338EBE878A8}.Release|x86.ActiveCfg = Release|x86
		{26C64392-F7AC-46A7-B1B1-7338EBE878A8}.Release|x86.Build.0 = Release|x86
		{26C64392-F7AC-46A7-B1B1-7338EBE878A8}.SingleImage|Any CPU.ActiveCfg = Release|Any CPU
		{26C64392-F7AC-46A7-B1B1-7338EBE878A8}.SingleImage|Any CPU.Build.0 = Release|Any CPU
		{26C64392-F7AC-46A7-B1B1-7338EBE878A8}.SingleImage|x64.ActiveCfg = Release|x64
		{26C64392-F7AC-46A7-B1B1-7338EBE878A8}.SingleImage|x64.Build.0 = Release|x64
		{26C64392-F7AC-46A7-B1B1-7338EBE878A8}.SingleImage|x86.ActiveCfg = Release|x86
		{26C64392-F7AC-46A7-B1B1-7338EBE878A8}.SingleImage|x86.Build.0 = Release|x86
		{2B542380-96C1-4D4D-95A4-E4C071AFBB0A}.CD_ROM|Any CPU.ActiveCfg = CD_ROM
		{2B542380-96C1-4D4D-95A4-E4C071AFBB0A}.CD_ROM|Any CPU.Build.0 = CD_ROM
		{2B542380-96C1-4D4D-95A4-E4C071AFBB0A}.CD_ROM|x64.ActiveCfg = CD_ROM
		{2B542380-96C1-4D4D-95A4-E4C071AFBB0A}.CD_ROM|x64.Build.0 = CD_ROM
		{2B542380-96C1-4D4D-95A4-E4C071AFBB0A}.CD_ROM|x86.ActiveCfg = CD_ROM
		{2B542380-96C1-4D4D-95A4-E4C071AFBB0A}.CD_ROM|x86.Build.0 = CD_ROM
		{2B542380-96C1-4D4D-95A4-E4C071AFBB0A}.Debug|Any CPU.ActiveCfg = DVD-5
		{2B542380-96C1-4D4D-95A4-E4C071AFBB0A}.Debug|Any CPU.Build.0 = DVD-5
		{2B542380-96C1-4D4D-95A4-E4C071AFBB0A}.Debug|x64.ActiveCfg = DVD-5
		{2B542380-96C1-4D4D-95A4-E4C071AFBB0A}.Debug|x64.Build.0 = DVD-5
		{2B542380-96C1-4D4D-95A4-E4C071AFBB0A}.Debug|x86.ActiveCfg = DVD-5
		{2B542380-96C1-4D4D-95A4-E4C071AFBB0A}.Debug|x86.Build.0 = DVD-5
		{2B542380-96C1-4D4D-95A4-E4C071AFBB0A}.DVD-5|Any CPU.ActiveCfg = DVD-5
		{2B542380-96C1-4D4D-95A4-E4C071AFBB0A}.DVD-5|Any CPU.Build.0 = DVD-5
		{2B542380-96C1-4D4D-95A4-E4C071AFBB0A}.DVD-5|x64.ActiveCfg = DVD-5
		{2B542380-96C1-4D4D-95A4-E4C071AFBB0A}.DVD-5|x64.Build.0 = DVD-5
		{2B542380-96C1-4D4D-95A4-E4C071AFBB0A}.DVD-5|x86.ActiveCfg = DVD-5
		{2B542380-96C1-4D4D-95A4-E4C071AFBB0A}.DVD-5|x86.Build.0 = DVD-5
		{2B542380-96C1-4D4D-95A4-E4C071AFBB0A}.Release|Any CPU.ActiveCfg = SingleImage
		{2B542380-96C1-4D4D-95A4-E4C071AFBB0A}.Release|Any CPU.Build.0 = SingleImage
		{2B542380-96C1-4D4D-95A4-E4C071AFBB0A}.Release|x64.ActiveCfg = SingleImage
		{2B542380-96C1-4D4D-95A4-E4C071AFBB0A}.Release|x64.Build.0 = SingleImage
		{2B542380-96C1-4D4D-95A4-E4C071AFBB0A}.Release|x86.ActiveCfg = SingleImage
		{2B542380-96C1-4D4D-95A4-E4C071AFBB0A}.Release|x86.Build.0 = SingleImage
		{2B542380-96C1-4D4D-95A4-E4C071AFBB0A}.SingleImage|Any CPU.ActiveCfg = SingleImage
		{2B542380-96C1-4D4D-95A4-E4C071AFBB0A}.SingleImage|Any CPU.Build.0 = SingleImage
		{2B542380-96C1-4D4D-95A4-E4C071AFBB0A}.SingleImage|x64.ActiveCfg = SingleImage
		{2B542380-96C1-4D4D-95A4-E4C071AFBB0A}.SingleImage|x64.Build.0 = SingleImage
		{2B542380-96C1-4D4D-95A4-E4C071AFBB0A}.SingleImage|x86.ActiveCfg = SingleImage
		{2B542380-96C1-4D4D-95A4-E4C071AFBB0A}.SingleImage|x86.Build.0 = SingleImage
	EndGlobalSection
	GlobalSection(SolutionProperties) = preSolution
		HideSolutionNode = FALSE
	EndGlobalSection
EndGlobal
