
Microsoft Visual Studio Solution File, Format Version 12.00
# Visual Studio 14
VisualStudioVersion = 14.0.25420.1
MinimumVisualStudioVersion = 10.0.40219.1
Project("{FAE04EC0-301F-11D3-BF4B-00C04F79EFBC}") = "UrduProofReader", "UrduProofReader\UrduProofReader.csproj", "{5871461D-9457-402F-8F59-155A0A043C19}"
EndProject
Project("{FAE04EC0-301F-11D3-BF4B-00C04F79EFBC}") = "UrduLibs", "UrduLibs\UrduLibs.csproj", "{21157001-EA51-4AEE-B82E-41E795E7CEE9}"
EndProject
Project("{FAE04EC0-301F-11D3-BF4B-00C04F79EFBC}") = "UrduProofReaderWE", "UrduProofReaderWE\UrduProofReaderWE.csproj", "{26C64392-F7AC-46A7-B1B1-7338EBE878A8}"
EndProject
Global
	GlobalSection(SolutionConfigurationPlatforms) = preSolution
		Debug|Any CPU = Debug|Any CPU
		Release|Any CPU = Release|Any CPU
	EndGlobalSection
	GlobalSection(ProjectConfigurationPlatforms) = postSolution
		{5871461D-9457-402F-8F59-155A0A043C19}.Debug|Any CPU.ActiveCfg = Debug|Any CPU
		{5871461D-9457-402F-8F59-155A0A043C19}.Debug|Any CPU.Build.0 = Debug|Any CPU
		{5871461D-9457-402F-8F59-155A0A043C19}.Release|Any CPU.ActiveCfg = Release|Any CPU
		{5871461D-9457-402F-8F59-155A0A043C19}.Release|Any CPU.Build.0 = Release|Any CPU
		{21157001-EA51-4AEE-B82E-41E795E7CEE9}.Debug|Any CPU.ActiveCfg = Debug|Any CPU
		{21157001-EA51-4AEE-B82E-41E795E7CEE9}.Debug|Any CPU.Build.0 = Debug|Any CPU
		{21157001-EA51-4AEE-B82E-41E795E7CEE9}.Release|Any CPU.ActiveCfg = Release|Any CPU
		{21157001-EA51-4AEE-B82E-41E795E7CEE9}.Release|Any CPU.Build.0 = Release|Any CPU
		{26C64392-F7AC-46A7-B1B1-7338EBE878A8}.Debug|Any CPU.ActiveCfg = Debug|Any CPU
		{26C64392-F7AC-46A7-B1B1-7338EBE878A8}.Debug|Any CPU.Build.0 = Debug|Any CPU
		{26C64392-F7AC-46A7-B1B1-7338EBE878A8}.Release|Any CPU.ActiveCfg = Release|Any CPU
		{26C64392-F7AC-46A7-B1B1-7338EBE878A8}.Release|Any CPU.Build.0 = Release|Any CPU
	EndGlobalSection
	GlobalSection(SolutionProperties) = preSolution
		HideSolutionNode = FALSE
	EndGlobalSection
EndGlobal
